
Microsoft Visual Studio Solution File, Format Version 12.00
# Visual Studio Version 17
VisualStudioVersion = 17.9.34723.18
MinimumVisualStudioVersion = 10.0.40219.1
Project("{FAE04EC0-301F-11D3-BF4B-00C04F79EFBC}") = "Bai2(version2)", "Bai2(version2)\Bai2(version2).csproj", "{05C729CB-AFB0-4D2B-866F-78BD57ED5661}"
EndProject
Global
	GlobalSection(SolutionConfigurationPlatforms) = preSolution
		Debug|Any CPU = Debug|Any CPU
		Release|Any CPU = Release|Any CPU
	EndGlobalSection
	GlobalSection(ProjectConfigurationPlatforms) = postSolution
		{05C729CB-AFB0-4D2B-866F-78BD57ED5661}.Debug|Any CPU.ActiveCfg = Debug|Any CPU
		{05C729CB-AFB0-4D2B-866F-78BD57ED5661}.Debug|Any CPU.Build.0 = Debug|Any CPU
		{05C729CB-AFB0-4D2B-866F-78BD57ED5661}.Release|Any CPU.ActiveCfg = Release|Any CPU
		{05C729CB-AFB0-4D2B-866F-78BD57ED5661}.Release|Any CPU.Build.0 = Release|Any CPU
	EndGlobalSection
	GlobalSection(SolutionProperties) = preSolution
		HideSolutionNode = FALSE
	EndGlobalSection
	GlobalSection(ExtensibilityGlobals) = postSolution
		SolutionGuid = {23B52F9A-0086-4D85-960D-AD1358C0AF22}
	EndGlobalSection
EndGlobal
